
Microsoft Visual Studio Solution File, Format Version 12.00
# Visual Studio 2013
VisualStudioVersion = 12.0.30110.0
MinimumVisualStudioVersion = 10.0.40219.1
Project("{FAE04EC0-301F-11D3-BF4B-00C04F79EFBC}") = "Plex.Diagnostics", "Plex.Diagnostics\Plex.Diagnostics.csproj", "{E90EF576-4CC5-4B63-8081-81903DCEE102}"
EndProject
Project("{FAE04EC0-301F-11D3-BF4B-00C04F79EFBC}") = "Plex.Diagnostic.Tester", "Plex.Diagnostic.Tester\Plex.Diagnostic.Tester.csproj", "{B6EE26FF-C3A0-4140-BE05-FD3265606718}"
EndProject
Global
	GlobalSection(SolutionConfigurationPlatforms) = preSolution
		Debug|Any CPU = Debug|Any CPU
		Release|Any CPU = Release|Any CPU
	EndGlobalSection
	GlobalSection(ProjectConfigurationPlatforms) = postSolution
		{E90EF576-4CC5-4B63-8081-81903DCEE102}.Debug|Any CPU.ActiveCfg = Debug|Any CPU
		{E90EF576-4CC5-4B63-8081-81903DCEE102}.Debug|Any CPU.Build.0 = Debug|Any CPU
		{E90EF576-4CC5-4B63-8081-81903DCEE102}.Release|Any CPU.ActiveCfg = Release|Any CPU
		{E90EF576-4CC5-4B63-8081-81903DCEE102}.Release|Any CPU.Build.0 = Release|Any CPU
		{B6EE26FF-C3A0-4140-BE05-FD3265606718}.Debug|Any CPU.ActiveCfg = Debug|Any CPU
		{B6EE26FF-C3A0-4140-BE05-FD3265606718}.Debug|Any CPU.Build.0 = Debug|Any CPU
		{B6EE26FF-C3A0-4140-BE05-FD3265606718}.Release|Any CPU.ActiveCfg = Release|Any CPU
		{B6EE26FF-C3A0-4140-BE05-FD3265606718}.Release|Any CPU.Build.0 = Release|Any CPU
	EndGlobalSection
	GlobalSection(SolutionProperties) = preSolution
		HideSolutionNode = FALSE
	EndGlobalSection
EndGlobal
